// !$*UTF8*$!
{
	archiveVersion = 1;
	classes = {
	};
	objectVersion = 46;
	objects = {

/* Begin PBXBuildFile section */
		ACE770EBC330D8C8C6EAA86F /* Pods_SignalStrength.framework in Frameworks */ = {isa = PBXBuildFile; fileRef = E5313B6F7013DAA3934B09A1 /* Pods_SignalStrength.framework */; };
		B00F56F81DCED40700D6488D /* SyncViewController.swift in Sources */ = {isa = PBXBuildFile; fileRef = B00F56F71DCED40700D6488D /* SyncViewController.swift */; };
		B00F56FA1DCED85800D6488D /* Synchronizer.swift in Sources */ = {isa = PBXBuildFile; fileRef = B00F56F91DCED85800D6488D /* Synchronizer.swift */; };
		B016F8361C31D1DD0076D2F1 /* ColorPointAnnotation.swift in Sources */ = {isa = PBXBuildFile; fileRef = B016F8351C31D1DD0076D2F1 /* ColorPointAnnotation.swift */; };
		B0256A8D1CB30895000A9828 /* Layer.swift in Sources */ = {isa = PBXBuildFile; fileRef = B0256A8C1CB30895000A9828 /* Layer.swift */; };
		B0256A8F1CB31065000A9828 /* Constants.swift in Sources */ = {isa = PBXBuildFile; fileRef = B0256A8E1CB31065000A9828 /* Constants.swift */; };
		B071101E1C034C82005451C3 /* AppDelegate.swift in Sources */ = {isa = PBXBuildFile; fileRef = B071101D1C034C82005451C3 /* AppDelegate.swift */; };
		B07110251C034C82005451C3 /* Assets.xcassets in Resources */ = {isa = PBXBuildFile; fileRef = B07110241C034C82005451C3 /* Assets.xcassets */; };
		B07110281C034C82005451C3 /* LaunchScreen.storyboard in Resources */ = {isa = PBXBuildFile; fileRef = B07110261C034C82005451C3 /* LaunchScreen.storyboard */; };
		B07110341C034E74005451C3 /* Database.plist in Resources */ = {isa = PBXBuildFile; fileRef = B07110321C034E74005451C3 /* Database.plist */; };
		B07110371C034E7E005451C3 /* Main.storyboard in Resources */ = {isa = PBXBuildFile; fileRef = B07110361C034E7E005451C3 /* Main.storyboard */; };
		B07110391C034E84005451C3 /* HomeViewController.swift in Sources */ = {isa = PBXBuildFile; fileRef = B07110381C034E84005451C3 /* HomeViewController.swift */; };
		B071103E1C034E99005451C3 /* AppData.swift in Sources */ = {isa = PBXBuildFile; fileRef = B071103A1C034E99005451C3 /* AppData.swift */; };
		B071103F1C034E99005451C3 /* Read.swift in Sources */ = {isa = PBXBuildFile; fileRef = B071103B1C034E99005451C3 /* Read.swift */; };
		B07110431C035D58005451C3 /* LogViewController.swift in Sources */ = {isa = PBXBuildFile; fileRef = B07110421C035D58005451C3 /* LogViewController.swift */; };
		B09218DE1C2CCAC600052BAE /* SignalConverter.swift in Sources */ = {isa = PBXBuildFile; fileRef = B09218DD1C2CCAC600052BAE /* SignalConverter.swift */; };
		B0B1C7561D85F95C00BFE73A /* LayerFactory.swift in Sources */ = {isa = PBXBuildFile; fileRef = B0B1C7551D85F95C00BFE73A /* LayerFactory.swift */; };
		B0B1C7581D85F9D600BFE73A /* UserDefaultData.swift in Sources */ = {isa = PBXBuildFile; fileRef = B0B1C7571D85F9D600BFE73A /* UserDefaultData.swift */; };
		BE4A82121C24A25800A3A96E /* AppColors.swift in Sources */ = {isa = PBXBuildFile; fileRef = BE4A82111C24A25800A3A96E /* AppColors.swift */; };
		BE7E6A911C1633D00091EF1F /* LocationReader.swift in Sources */ = {isa = PBXBuildFile; fileRef = BE7E6A901C1633D00091EF1F /* LocationReader.swift */; };
		BEBA553B1C1F460A001C2428 /* green.png in Resources */ = {isa = PBXBuildFile; fileRef = BEBA55371C1F460A001C2428 /* green.png */; };
		BEBA553C1C1F460A001C2428 /* orange.png in Resources */ = {isa = PBXBuildFile; fileRef = BEBA55381C1F460A001C2428 /* orange.png */; };
		BEBA553D1C1F460A001C2428 /* red.png in Resources */ = {isa = PBXBuildFile; fileRef = BEBA55391C1F460A001C2428 /* red.png */; };
		BEBA553E1C1F460A001C2428 /* yellow.png in Resources */ = {isa = PBXBuildFile; fileRef = BEBA553A1C1F460A001C2428 /* yellow.png */; };
		BEBAB0B01C16379A0096990C /* CellularInfo.swift in Sources */ = {isa = PBXBuildFile; fileRef = BEBAB0AF1C16379A0096990C /* CellularInfo.swift */; };
		BEBAB0B21C163D800096990C /* SignalStrengthValue.swift in Sources */ = {isa = PBXBuildFile; fileRef = BEBAB0B11C163D800096990C /* SignalStrengthValue.swift */; };
		BEBAB0B41C163E230096990C /* SignalQuality.swift in Sources */ = {isa = PBXBuildFile; fileRef = BEBAB0B31C163E230096990C /* SignalQuality.swift */; };
/* End PBXBuildFile section */

/* Begin PBXContainerItemProxy section */
		B0256A9C1CB31767000A9828 /* PBXContainerItemProxy */ = {
			isa = PBXContainerItemProxy;
			containerPortal = B07110121C034C82005451C3 /* Project object */;
			proxyType = 1;
			remoteGlobalIDString = B07110191C034C82005451C3;
			remoteInfo = SignalStrength;
		};
/* End PBXContainerItemProxy section */

/* Begin PBXCopyFilesBuildPhase section */
		B0B1C7541D80BCA500BFE73A /* Embed Frameworks */ = {
			isa = PBXCopyFilesBuildPhase;
			buildActionMask = 2147483647;
			dstPath = "";
			dstSubfolderSpec = 10;
			files = (
			);
			name = "Embed Frameworks";
			runOnlyForDeploymentPostprocessing = 0;
		};
/* End PBXCopyFilesBuildPhase section */

/* Begin PBXFileReference section */
		5A107AA1B0F5F1E9C158595E /* Pods-SignalStrength.release.xcconfig */ = {isa = PBXFileReference; includeInIndex = 1; lastKnownFileType = text.xcconfig; name = "Pods-SignalStrength.release.xcconfig"; path = "Pods/Target Support Files/Pods-SignalStrength/Pods-SignalStrength.release.xcconfig"; sourceTree = "<group>"; };
		B00F56F71DCED40700D6488D /* SyncViewController.swift */ = {isa = PBXFileReference; fileEncoding = 4; lastKnownFileType = sourcecode.swift; path = SyncViewController.swift; sourceTree = "<group>"; };
		B00F56F91DCED85800D6488D /* Synchronizer.swift */ = {isa = PBXFileReference; fileEncoding = 4; lastKnownFileType = sourcecode.swift; path = Synchronizer.swift; sourceTree = "<group>"; };
		B016F8351C31D1DD0076D2F1 /* ColorPointAnnotation.swift */ = {isa = PBXFileReference; fileEncoding = 4; lastKnownFileType = sourcecode.swift; path = ColorPointAnnotation.swift; sourceTree = "<group>"; };
		B0256A8C1CB30895000A9828 /* Layer.swift */ = {isa = PBXFileReference; fileEncoding = 4; lastKnownFileType = sourcecode.swift; path = Layer.swift; sourceTree = "<group>"; };
		B0256A8E1CB31065000A9828 /* Constants.swift */ = {isa = PBXFileReference; fileEncoding = 4; lastKnownFileType = sourcecode.swift; path = Constants.swift; sourceTree = "<group>"; };
		B0256A971CB31766000A9828 /* SignalStrengthTests.xctest */ = {isa = PBXFileReference; explicitFileType = wrapper.cfbundle; includeInIndex = 0; path = SignalStrengthTests.xctest; sourceTree = BUILT_PRODUCTS_DIR; };
		B071101A1C034C82005451C3 /* SignalStrength.app */ = {isa = PBXFileReference; explicitFileType = wrapper.application; includeInIndex = 0; path = SignalStrength.app; sourceTree = BUILT_PRODUCTS_DIR; };
		B071101D1C034C82005451C3 /* AppDelegate.swift */ = {isa = PBXFileReference; lastKnownFileType = sourcecode.swift; path = AppDelegate.swift; sourceTree = "<group>"; };
		B07110241C034C82005451C3 /* Assets.xcassets */ = {isa = PBXFileReference; lastKnownFileType = folder.assetcatalog; path = Assets.xcassets; sourceTree = "<group>"; };
		B07110271C034C82005451C3 /* Base */ = {isa = PBXFileReference; lastKnownFileType = file.storyboard; name = Base; path = Base.lproj/LaunchScreen.storyboard; sourceTree = "<group>"; };
		B07110321C034E74005451C3 /* Database.plist */ = {isa = PBXFileReference; fileEncoding = 4; lastKnownFileType = text.plist.xml; path = Database.plist; sourceTree = "<group>"; };
		B07110331C034E74005451C3 /* Info.plist */ = {isa = PBXFileReference; fileEncoding = 4; lastKnownFileType = text.plist.xml; path = Info.plist; sourceTree = "<group>"; };
		B07110361C034E7E005451C3 /* Main.storyboard */ = {isa = PBXFileReference; fileEncoding = 4; lastKnownFileType = file.storyboard; path = Main.storyboard; sourceTree = "<group>"; };
		B07110381C034E84005451C3 /* HomeViewController.swift */ = {isa = PBXFileReference; fileEncoding = 4; lastKnownFileType = sourcecode.swift; path = HomeViewController.swift; sourceTree = "<group>"; };
		B071103A1C034E99005451C3 /* AppData.swift */ = {isa = PBXFileReference; fileEncoding = 4; lastKnownFileType = sourcecode.swift; path = AppData.swift; sourceTree = "<group>"; };
		B071103B1C034E99005451C3 /* Read.swift */ = {isa = PBXFileReference; fileEncoding = 4; lastKnownFileType = sourcecode.swift; path = Read.swift; sourceTree = "<group>"; };
		B07110421C035D58005451C3 /* LogViewController.swift */ = {isa = PBXFileReference; fileEncoding = 4; lastKnownFileType = sourcecode.swift; path = LogViewController.swift; sourceTree = "<group>"; };
		B09218DD1C2CCAC600052BAE /* SignalConverter.swift */ = {isa = PBXFileReference; fileEncoding = 4; lastKnownFileType = sourcecode.swift; path = SignalConverter.swift; sourceTree = "<group>"; };
		B0B1C7551D85F95C00BFE73A /* LayerFactory.swift */ = {isa = PBXFileReference; fileEncoding = 4; lastKnownFileType = sourcecode.swift; path = LayerFactory.swift; sourceTree = "<group>"; };
		B0B1C7571D85F9D600BFE73A /* UserDefaultData.swift */ = {isa = PBXFileReference; fileEncoding = 4; lastKnownFileType = sourcecode.swift; path = UserDefaultData.swift; sourceTree = "<group>"; };
		B78B4E68EA93387F661FCBD8 /* Pods-SignalStrength.debug.xcconfig */ = {isa = PBXFileReference; includeInIndex = 1; lastKnownFileType = text.xcconfig; name = "Pods-SignalStrength.debug.xcconfig"; path = "Pods/Target Support Files/Pods-SignalStrength/Pods-SignalStrength.debug.xcconfig"; sourceTree = "<group>"; };
		BE4A82111C24A25800A3A96E /* AppColors.swift */ = {isa = PBXFileReference; fileEncoding = 4; lastKnownFileType = sourcecode.swift; path = AppColors.swift; sourceTree = "<group>"; };
		BE7E6A901C1633D00091EF1F /* LocationReader.swift */ = {isa = PBXFileReference; fileEncoding = 4; lastKnownFileType = sourcecode.swift; path = LocationReader.swift; sourceTree = "<group>"; };
		BEBA55371C1F460A001C2428 /* green.png */ = {isa = PBXFileReference; lastKnownFileType = image.png; name = green.png; path = Colors/green.png; sourceTree = "<group>"; };
		BEBA55381C1F460A001C2428 /* orange.png */ = {isa = PBXFileReference; lastKnownFileType = image.png; name = orange.png; path = Colors/orange.png; sourceTree = "<group>"; };
		BEBA55391C1F460A001C2428 /* red.png */ = {isa = PBXFileReference; lastKnownFileType = image.png; name = red.png; path = Colors/red.png; sourceTree = "<group>"; };
		BEBA553A1C1F460A001C2428 /* yellow.png */ = {isa = PBXFileReference; lastKnownFileType = image.png; name = yellow.png; path = Colors/yellow.png; sourceTree = "<group>"; };
		BEBAB0AF1C16379A0096990C /* CellularInfo.swift */ = {isa = PBXFileReference; fileEncoding = 4; lastKnownFileType = sourcecode.swift; path = CellularInfo.swift; sourceTree = "<group>"; };
		BEBAB0B11C163D800096990C /* SignalStrengthValue.swift */ = {isa = PBXFileReference; fileEncoding = 4; lastKnownFileType = sourcecode.swift; path = SignalStrengthValue.swift; sourceTree = "<group>"; };
		BEBAB0B31C163E230096990C /* SignalQuality.swift */ = {isa = PBXFileReference; fileEncoding = 4; lastKnownFileType = sourcecode.swift; path = SignalQuality.swift; sourceTree = "<group>"; };
		E5313B6F7013DAA3934B09A1 /* Pods_SignalStrength.framework */ = {isa = PBXFileReference; explicitFileType = wrapper.framework; includeInIndex = 0; path = Pods_SignalStrength.framework; sourceTree = BUILT_PRODUCTS_DIR; };
/* End PBXFileReference section */

/* Begin PBXFrameworksBuildPhase section */
		B0256A941CB31766000A9828 /* Frameworks */ = {
			isa = PBXFrameworksBuildPhase;
			buildActionMask = 2147483647;
			files = (
			);
			runOnlyForDeploymentPostprocessing = 0;
		};
		B07110171C034C82005451C3 /* Frameworks */ = {
			isa = PBXFrameworksBuildPhase;
			buildActionMask = 2147483647;
			files = (
				ACE770EBC330D8C8C6EAA86F /* Pods_SignalStrength.framework in Frameworks */,
			);
			runOnlyForDeploymentPostprocessing = 0;
		};
/* End PBXFrameworksBuildPhase section */

/* Begin PBXGroup section */
		1C74B69691C8083B9D9F18F7 /* Frameworks */ = {
			isa = PBXGroup;
			children = (
				E5313B6F7013DAA3934B09A1 /* Pods_SignalStrength.framework */,
			);
			name = Frameworks;
			sourceTree = "<group>";
		};
		B07110111C034C82005451C3 = {
			isa = PBXGroup;
			children = (
				B071101C1C034C82005451C3 /* SignalStrength */,
				B071101B1C034C82005451C3 /* Products */,
				F2F4E5BE05D6B397051C8C02 /* Pods */,
				1C74B69691C8083B9D9F18F7 /* Frameworks */,
			);
			sourceTree = "<group>";
		};
		B071101B1C034C82005451C3 /* Products */ = {
			isa = PBXGroup;
			children = (
				B071101A1C034C82005451C3 /* SignalStrength.app */,
				B0256A971CB31766000A9828 /* SignalStrengthTests.xctest */,
			);
			name = Products;
			sourceTree = "<group>";
		};
		B071101C1C034C82005451C3 /* SignalStrength */ = {
			isa = PBXGroup;
			children = (
				B071101D1C034C82005451C3 /* AppDelegate.swift */,
				B07110321C034E74005451C3 /* Database.plist */,
				B07110331C034E74005451C3 /* Info.plist */,
				B0DCC6A91DFF349A002DB034 /* RealmModel */,
				B07110311C034CA7005451C3 /* Controller */,
				B07110301C034CA3005451C3 /* View */,
				B071102F1C034C9E005451C3 /* Model */,
				B07110241C034C82005451C3 /* Assets.xcassets */,
				BEBA55371C1F460A001C2428 /* green.png */,
				BEBA55381C1F460A001C2428 /* orange.png */,
				BEBA55391C1F460A001C2428 /* red.png */,
				BEBA553A1C1F460A001C2428 /* yellow.png */,
			);
			path = SignalStrength;
			sourceTree = "<group>";
		};
		B071102F1C034C9E005451C3 /* Model */ = {
			isa = PBXGroup;
			children = (
				B071103A1C034E99005451C3 /* AppData.swift */,
				BE7E6A901C1633D00091EF1F /* LocationReader.swift */,
				BEBAB0B11C163D800096990C /* SignalStrengthValue.swift */,
				B09218DD1C2CCAC600052BAE /* SignalConverter.swift */,
				BEBAB0B31C163E230096990C /* SignalQuality.swift */,
				BEBAB0AF1C16379A0096990C /* CellularInfo.swift */,
				B0256A8E1CB31065000A9828 /* Constants.swift */,
				B0B1C7551D85F95C00BFE73A /* LayerFactory.swift */,
				B0B1C7571D85F9D600BFE73A /* UserDefaultData.swift */,
				B00F56F91DCED85800D6488D /* Synchronizer.swift */,
			);
			name = Model;
			sourceTree = "<group>";
		};
		B07110301C034CA3005451C3 /* View */ = {
			isa = PBXGroup;
			children = (
				B07110261C034C82005451C3 /* LaunchScreen.storyboard */,
				B07110361C034E7E005451C3 /* Main.storyboard */,
				BE4A82111C24A25800A3A96E /* AppColors.swift */,
			);
			name = View;
			sourceTree = "<group>";
		};
		B07110311C034CA7005451C3 /* Controller */ = {
			isa = PBXGroup;
			children = (
				B00F56F71DCED40700D6488D /* SyncViewController.swift */,
				B07110381C034E84005451C3 /* HomeViewController.swift */,
				B016F8351C31D1DD0076D2F1 /* ColorPointAnnotation.swift */,
				B07110421C035D58005451C3 /* LogViewController.swift */,
			);
			name = Controller;
			sourceTree = "<group>";
		};
		B0DCC6A91DFF349A002DB034 /* RealmModel */ = {
			isa = PBXGroup;
			children = (
				B071103B1C034E99005451C3 /* Read.swift */,
				B0256A8C1CB30895000A9828 /* Layer.swift */,
			);
			name = RealmModel;
			sourceTree = "<group>";
		};
		F2F4E5BE05D6B397051C8C02 /* Pods */ = {
			isa = PBXGroup;
			children = (
				B78B4E68EA93387F661FCBD8 /* Pods-SignalStrength.debug.xcconfig */,
				5A107AA1B0F5F1E9C158595E /* Pods-SignalStrength.release.xcconfig */,
			);
			name = Pods;
			sourceTree = "<group>";
		};
/* End PBXGroup section */

/* Begin PBXNativeTarget section */
		B0256A961CB31766000A9828 /* SignalStrengthTests */ = {
			isa = PBXNativeTarget;
			buildConfigurationList = B0256A9E1CB31767000A9828 /* Build configuration list for PBXNativeTarget "SignalStrengthTests" */;
			buildPhases = (
				B0256A931CB31766000A9828 /* Sources */,
				B0256A941CB31766000A9828 /* Frameworks */,
				B0256A951CB31766000A9828 /* Resources */,
			);
			buildRules = (
			);
			dependencies = (
				B0256A9D1CB31767000A9828 /* PBXTargetDependency */,
			);
			name = SignalStrengthTests;
			productName = SignalStrengthTests;
			productReference = B0256A971CB31766000A9828 /* SignalStrengthTests.xctest */;
			productType = "com.apple.product-type.bundle.unit-test";
		};
		B07110191C034C82005451C3 /* SignalStrength */ = {
			isa = PBXNativeTarget;
			buildConfigurationList = B071102C1C034C82005451C3 /* Build configuration list for PBXNativeTarget "SignalStrength" */;
			buildPhases = (
				E82FE1C0E6F2EC03D6092C00 /* Check Pods Manifest.lock */,
				B07110161C034C82005451C3 /* Sources */,
				B07110171C034C82005451C3 /* Frameworks */,
				B07110181C034C82005451C3 /* Resources */,
				B0B1C7541D80BCA500BFE73A /* Embed Frameworks */,
				2F925ECE1E8FB982A6281F3D /* Embed Pods Frameworks */,
				6C659B598F064A7DE09A1FB4 /* Copy Pods Resources */,
			);
			buildRules = (
			);
			dependencies = (
			);
			name = SignalStrength;
			productName = SignalStrength;
			productReference = B071101A1C034C82005451C3 /* SignalStrength.app */;
			productType = "com.apple.product-type.application";
		};
/* End PBXNativeTarget section */

/* Begin PBXProject section */
		B07110121C034C82005451C3 /* Project object */ = {
			isa = PBXProject;
			attributes = {
				LastSwiftUpdateCheck = 0730;
				LastUpgradeCheck = 0720;
				ORGANIZATIONNAME = "Henrique do Prado Linhares";
				TargetAttributes = {
					B0256A961CB31766000A9828 = {
						CreatedOnToolsVersion = 7.3;
						LastSwiftMigration = 0800;
						TestTargetID = B07110191C034C82005451C3;
					};
					B07110191C034C82005451C3 = {
						CreatedOnToolsVersion = 7.1;
						DevelopmentTeam = 9M8RSS5KWQ;
						LastSwiftMigration = 0800;
						SystemCapabilities = {
							com.apple.BackgroundModes = {
								enabled = 1;
							};
						};
					};
				};
			};
			buildConfigurationList = B07110151C034C82005451C3 /* Build configuration list for PBXProject "SignalStrength" */;
			compatibilityVersion = "Xcode 3.2";
			developmentRegion = English;
			hasScannedForEncodings = 0;
			knownRegions = (
				en,
				Base,
			);
			mainGroup = B07110111C034C82005451C3;
			productRefGroup = B071101B1C034C82005451C3 /* Products */;
			projectDirPath = "";
			projectRoot = "";
			targets = (
				B07110191C034C82005451C3 /* SignalStrength */,
				B0256A961CB31766000A9828 /* SignalStrengthTests */,
			);
		};
/* End PBXProject section */

/* Begin PBXResourcesBuildPhase section */
		B0256A951CB31766000A9828 /* Resources */ = {
			isa = PBXResourcesBuildPhase;
			buildActionMask = 2147483647;
			files = (
			);
			runOnlyForDeploymentPostprocessing = 0;
		};
		B07110181C034C82005451C3 /* Resources */ = {
			isa = PBXResourcesBuildPhase;
			buildActionMask = 2147483647;
			files = (
				BEBA553E1C1F460A001C2428 /* yellow.png in Resources */,
				B07110371C034E7E005451C3 /* Main.storyboard in Resources */,
				B07110281C034C82005451C3 /* LaunchScreen.storyboard in Resources */,
				BEBA553B1C1F460A001C2428 /* green.png in Resources */,
				B07110251C034C82005451C3 /* Assets.xcassets in Resources */,
				BEBA553D1C1F460A001C2428 /* red.png in Resources */,
				B07110341C034E74005451C3 /* Database.plist in Resources */,
				BEBA553C1C1F460A001C2428 /* orange.png in Resources */,
			);
			runOnlyForDeploymentPostprocessing = 0;
		};
/* End PBXResourcesBuildPhase section */

/* Begin PBXShellScriptBuildPhase section */
		2F925ECE1E8FB982A6281F3D /* Embed Pods Frameworks */ = {
			isa = PBXShellScriptBuildPhase;
			buildActionMask = 2147483647;
			files = (
			);
			inputPaths = (
			);
			name = "Embed Pods Frameworks";
			outputPaths = (
			);
			runOnlyForDeploymentPostprocessing = 0;
			shellPath = /bin/sh;
			shellScript = "\"${SRCROOT}/Pods/Target Support Files/Pods-SignalStrength/Pods-SignalStrength-frameworks.sh\"\n";
			showEnvVarsInLog = 0;
		};
		6C659B598F064A7DE09A1FB4 /* Copy Pods Resources */ = {
			isa = PBXShellScriptBuildPhase;
			buildActionMask = 2147483647;
			files = (
			);
			inputPaths = (
			);
			name = "Copy Pods Resources";
			outputPaths = (
			);
			runOnlyForDeploymentPostprocessing = 0;
			shellPath = /bin/sh;
			shellScript = "\"${SRCROOT}/Pods/Target Support Files/Pods-SignalStrength/Pods-SignalStrength-resources.sh\"\n";
			showEnvVarsInLog = 0;
		};
		E82FE1C0E6F2EC03D6092C00 /* Check Pods Manifest.lock */ = {
			isa = PBXShellScriptBuildPhase;
			buildActionMask = 2147483647;
			files = (
			);
			inputPaths = (
			);
			name = "Check Pods Manifest.lock";
			outputPaths = (
			);
			runOnlyForDeploymentPostprocessing = 0;
			shellPath = /bin/sh;
			shellScript = "diff \"${PODS_ROOT}/../Podfile.lock\" \"${PODS_ROOT}/Manifest.lock\" > /dev/null\nif [[ $? != 0 ]] ; then\n    cat << EOM\nerror: The sandbox is not in sync with the Podfile.lock. Run 'pod install' or update your CocoaPods installation.\nEOM\n    exit 1\nfi\n";
			showEnvVarsInLog = 0;
		};
/* End PBXShellScriptBuildPhase section */

/* Begin PBXSourcesBuildPhase section */
		B0256A931CB31766000A9828 /* Sources */ = {
			isa = PBXSourcesBuildPhase;
			buildActionMask = 2147483647;
			files = (
			);
			runOnlyForDeploymentPostprocessing = 0;
		};
		B07110161C034C82005451C3 /* Sources */ = {
			isa = PBXSourcesBuildPhase;
			buildActionMask = 2147483647;
			files = (
				BEBAB0B41C163E230096990C /* SignalQuality.swift in Sources */,
				B00F56FA1DCED85800D6488D /* Synchronizer.swift in Sources */,
				B0256A8F1CB31065000A9828 /* Constants.swift in Sources */,
				B071101E1C034C82005451C3 /* AppDelegate.swift in Sources */,
				B0256A8D1CB30895000A9828 /* Layer.swift in Sources */,
				B016F8361C31D1DD0076D2F1 /* ColorPointAnnotation.swift in Sources */,
				B00F56F81DCED40700D6488D /* SyncViewController.swift in Sources */,
				BEBAB0B21C163D800096990C /* SignalStrengthValue.swift in Sources */,
				B071103F1C034E99005451C3 /* Read.swift in Sources */,
				B07110391C034E84005451C3 /* HomeViewController.swift in Sources */,
				B0B1C7581D85F9D600BFE73A /* UserDefaultData.swift in Sources */,
				BE7E6A911C1633D00091EF1F /* LocationReader.swift in Sources */,
				B0B1C7561D85F95C00BFE73A /* LayerFactory.swift in Sources */,
				B09218DE1C2CCAC600052BAE /* SignalConverter.swift in Sources */,
				B07110431C035D58005451C3 /* LogViewController.swift in Sources */,
				BE4A82121C24A25800A3A96E /* AppColors.swift in Sources */,
				BEBAB0B01C16379A0096990C /* CellularInfo.swift in Sources */,
				B071103E1C034E99005451C3 /* AppData.swift in Sources */,
			);
			runOnlyForDeploymentPostprocessing = 0;
		};
/* End PBXSourcesBuildPhase section */

/* Begin PBXTargetDependency section */
		B0256A9D1CB31767000A9828 /* PBXTargetDependency */ = {
			isa = PBXTargetDependency;
			target = B07110191C034C82005451C3 /* SignalStrength */;
			targetProxy = B0256A9C1CB31767000A9828 /* PBXContainerItemProxy */;
		};
/* End PBXTargetDependency section */

/* Begin PBXVariantGroup section */
		B07110261C034C82005451C3 /* LaunchScreen.storyboard */ = {
			isa = PBXVariantGroup;
			children = (
				B07110271C034C82005451C3 /* Base */,
			);
			name = LaunchScreen.storyboard;
			sourceTree = "<group>";
		};
/* End PBXVariantGroup section */

/* Begin XCBuildConfiguration section */
		B0256A9F1CB31767000A9828 /* Debug */ = {
			isa = XCBuildConfiguration;
			buildSettings = {
				BUNDLE_LOADER = "$(TEST_HOST)";
				CLANG_ANALYZER_NONNULL = YES;
				INFOPLIST_FILE = SignalStrengthTests/Info.plist;
				IPHONEOS_DEPLOYMENT_TARGET = 9.3;
				LD_RUNPATH_SEARCH_PATHS = "$(inherited) @executable_path/Frameworks @loader_path/Frameworks";
				PRODUCT_BUNDLE_IDENTIFIER = me.SignalStrengthTests;
				PRODUCT_NAME = "$(TARGET_NAME)";
				SWIFT_VERSION = 3.0;
				TEST_HOST = "$(BUILT_PRODUCTS_DIR)/SignalStrength.app/SignalStrength";
			};
			name = Debug;
		};
		B0256AA01CB31767000A9828 /* Release */ = {
			isa = XCBuildConfiguration;
			buildSettings = {
				BUNDLE_LOADER = "$(TEST_HOST)";
				CLANG_ANALYZER_NONNULL = YES;
				INFOPLIST_FILE = SignalStrengthTests/Info.plist;
				IPHONEOS_DEPLOYMENT_TARGET = 9.3;
				LD_RUNPATH_SEARCH_PATHS = "$(inherited) @executable_path/Frameworks @loader_path/Frameworks";
				PRODUCT_BUNDLE_IDENTIFIER = me.SignalStrengthTests;
				PRODUCT_NAME = "$(TARGET_NAME)";
				SWIFT_VERSION = 3.0;
				TEST_HOST = "$(BUILT_PRODUCTS_DIR)/SignalStrength.app/SignalStrength";
			};
			name = Release;
		};
		B071102A1C034C82005451C3 /* Debug */ = {
			isa = XCBuildConfiguration;
			buildSettings = {
				ALWAYS_SEARCH_USER_PATHS = NO;
				CLANG_CXX_LANGUAGE_STANDARD = "gnu++0x";
				CLANG_CXX_LIBRARY = "libc++";
				CLANG_ENABLE_MODULES = YES;
				CLANG_ENABLE_OBJC_ARC = YES;
				CLANG_WARN_BOOL_CONVERSION = YES;
				CLANG_WARN_CONSTANT_CONVERSION = YES;
				CLANG_WARN_DIRECT_OBJC_ISA_USAGE = YES_ERROR;
				CLANG_WARN_EMPTY_BODY = YES;
				CLANG_WARN_ENUM_CONVERSION = YES;
				CLANG_WARN_INT_CONVERSION = YES;
				CLANG_WARN_OBJC_ROOT_CLASS = YES_ERROR;
				CLANG_WARN_UNREACHABLE_CODE = YES;
				CLANG_WARN__DUPLICATE_METHOD_MATCH = YES;
				"CODE_SIGN_IDENTITY[sdk=iphoneos*]" = "iPhone Developer";
				COPY_PHASE_STRIP = NO;
				DEBUG_INFORMATION_FORMAT = dwarf;
				ENABLE_STRICT_OBJC_MSGSEND = YES;
				ENABLE_TESTABILITY = YES;
				GCC_C_LANGUAGE_STANDARD = gnu99;
				GCC_DYNAMIC_NO_PIC = NO;
				GCC_NO_COMMON_BLOCKS = YES;
				GCC_OPTIMIZATION_LEVEL = 0;
				GCC_PREPROCESSOR_DEFINITIONS = (
					"DEBUG=1",
					"$(inherited)",
				);
				GCC_WARN_64_TO_32_BIT_CONVERSION = YES;
				GCC_WARN_ABOUT_RETURN_TYPE = YES_ERROR;
				GCC_WARN_UNDECLARED_SELECTOR = YES;
				GCC_WARN_UNINITIALIZED_AUTOS = YES_AGGRESSIVE;
				GCC_WARN_UNUSED_FUNCTION = YES;
				GCC_WARN_UNUSED_VARIABLE = YES;
				IPHONEOS_DEPLOYMENT_TARGET = 9.3;
				MTL_ENABLE_DEBUG_INFO = YES;
				ONLY_ACTIVE_ARCH = YES;
				SDKROOT = iphoneos;
				SWIFT_OPTIMIZATION_LEVEL = "-Onone";
				SWIFT_VERSION = 2.3;
			};
			name = Debug;
		};
		B071102B1C034C82005451C3 /* Release */ = {
			isa = XCBuildConfiguration;
			buildSettings = {
				ALWAYS_SEARCH_USER_PATHS = NO;
				CLANG_CXX_LANGUAGE_STANDARD = "gnu++0x";
				CLANG_CXX_LIBRARY = "libc++";
				CLANG_ENABLE_MODULES = YES;
				CLANG_ENABLE_OBJC_ARC = YES;
				CLANG_WARN_BOOL_CONVERSION = YES;
				CLANG_WARN_CONSTANT_CONVERSION = YES;
				CLANG_WARN_DIRECT_OBJC_ISA_USAGE = YES_ERROR;
				CLANG_WARN_EMPTY_BODY = YES;
				CLANG_WARN_ENUM_CONVERSION = YES;
				CLANG_WARN_INT_CONVERSION = YES;
				CLANG_WARN_OBJC_ROOT_CLASS = YES_ERROR;
				CLANG_WARN_UNREACHABLE_CODE = YES;
				CLANG_WARN__DUPLICATE_METHOD_MATCH = YES;
				"CODE_SIGN_IDENTITY[sdk=iphoneos*]" = "iPhone Developer";
				COPY_PHASE_STRIP = NO;
				DEBUG_INFORMATION_FORMAT = "dwarf-with-dsym";
				ENABLE_NS_ASSERTIONS = NO;
				ENABLE_STRICT_OBJC_MSGSEND = YES;
				GCC_C_LANGUAGE_STANDARD = gnu99;
				GCC_NO_COMMON_BLOCKS = YES;
				GCC_WARN_64_TO_32_BIT_CONVERSION = YES;
				GCC_WARN_ABOUT_RETURN_TYPE = YES_ERROR;
				GCC_WARN_UNDECLARED_SELECTOR = YES;
				GCC_WARN_UNINITIALIZED_AUTOS = YES_AGGRESSIVE;
				GCC_WARN_UNUSED_FUNCTION = YES;
				GCC_WARN_UNUSED_VARIABLE = YES;
				IPHONEOS_DEPLOYMENT_TARGET = 9.3;
				MTL_ENABLE_DEBUG_INFO = NO;
				SDKROOT = iphoneos;
				SWIFT_VERSION = 2.3;
				VALIDATE_PRODUCT = YES;
			};
			name = Release;
		};
		B071102D1C034C82005451C3 /* Debug */ = {
			isa = XCBuildConfiguration;
			baseConfigurationReference = B78B4E68EA93387F661FCBD8 /* Pods-SignalStrength.debug.xcconfig */;
			buildSettings = {
				ASSETCATALOG_COMPILER_APPICON_NAME = AppIcon;
				DEVELOPMENT_TEAM = 9M8RSS5KWQ;
				FRAMEWORK_SEARCH_PATHS = (
					"$(inherited)",
					"$(PROJECT_DIR)/Frameworks/Realm",
				);
				INFOPLIST_FILE = SignalStrength/Info.plist;
				IPHONEOS_DEPLOYMENT_TARGET = 9.3;
				LD_RUNPATH_SEARCH_PATHS = "$(inherited) @executable_path/Frameworks";
				PRODUCT_BUNDLE_IDENTIFIER = bepid.SignalStrength;
				PRODUCT_NAME = "$(TARGET_NAME)";
				SWIFT_VERSION = 2.3;
			};
			name = Debug;
		};
		B071102E1C034C82005451C3 /* Release */ = {
			isa = XCBuildConfiguration;
			baseConfigurationReference = 5A107AA1B0F5F1E9C158595E /* Pods-SignalStrength.release.xcconfig */;
			buildSettings = {
				ASSETCATALOG_COMPILER_APPICON_NAME = AppIcon;
				DEVELOPMENT_TEAM = 9M8RSS5KWQ;
				FRAMEWORK_SEARCH_PATHS = (
					"$(inherited)",
					"$(PROJECT_DIR)/Frameworks/Realm",
				);
				INFOPLIST_FILE = SignalStrength/Info.plist;
				IPHONEOS_DEPLOYMENT_TARGET = 9.3;
				LD_RUNPATH_SEARCH_PATHS = "$(inherited) @executable_path/Frameworks";
				PRODUCT_BUNDLE_IDENTIFIER = bepid.SignalStrength;
				PRODUCT_NAME = "$(TARGET_NAME)";
				SWIFT_VERSION = 2.3;
			};
			name = Release;
		};
/* End XCBuildConfiguration section */

/* Begin XCConfigurationList section */
		B0256A9E1CB31767000A9828 /* Build configuration list for PBXNativeTarget "SignalStrengthTests" */ = {
			isa = XCConfigurationList;
			buildConfigurations = (
				B0256A9F1CB31767000A9828 /* Debug */,
				B0256AA01CB31767000A9828 /* Release */,
			);
			defaultConfigurationIsVisible = 0;
			defaultConfigurationName = Release;
		};
		B07110151C034C82005451C3 /* Build configuration list for PBXProject "SignalStrength" */ = {
			isa = XCConfigurationList;
			buildConfigurations = (
				B071102A1C034C82005451C3 /* Debug */,
				B071102B1C034C82005451C3 /* Release */,
			);
			defaultConfigurationIsVisible = 0;
			defaultConfigurationName = Release;
		};
		B071102C1C034C82005451C3 /* Build configuration list for PBXNativeTarget "SignalStrength" */ = {
			isa = XCConfigurationList;
			buildConfigurations = (
				B071102D1C034C82005451C3 /* Debug */,
				B071102E1C034C82005451C3 /* Release */,
			);
			defaultConfigurationIsVisible = 0;
			defaultConfigurationName = Release;
		};
/* End XCConfigurationList section */
	};
	rootObject = B07110121C034C82005451C3 /* Project object */;
}
