// !$*UTF8*$!
{
	archiveVersion = 1;
	classes = {
	};
	objectVersion = 46;
	objects = {

/* Begin PBXBuildFile section */
		B016F8361C31D1DD0076D2F1 /* ColorPointAnnotation.swift in Sources */ = {isa = PBXBuildFile; fileRef = B016F8351C31D1DD0076D2F1 /* ColorPointAnnotation.swift */; };
		B0256A8D1CB30895000A9828 /* Layer.swift in Sources */ = {isa = PBXBuildFile; fileRef = B0256A8C1CB30895000A9828 /* Layer.swift */; };
		B0256A8F1CB31065000A9828 /* Constants.swift in Sources */ = {isa = PBXBuildFile; fileRef = B0256A8E1CB31065000A9828 /* Constants.swift */; };
		B0256A9A1CB31767000A9828 /* SignalStrengthTests.swift in Sources */ = {isa = PBXBuildFile; fileRef = B0256A991CB31767000A9828 /* SignalStrengthTests.swift */; };
		B0256AA41CB31F63000A9828 /* LayerTest.swift in Sources */ = {isa = PBXBuildFile; fileRef = B0256AA31CB31F63000A9828 /* LayerTest.swift */; };
		B071101E1C034C82005451C3 /* AppDelegate.swift in Sources */ = {isa = PBXBuildFile; fileRef = B071101D1C034C82005451C3 /* AppDelegate.swift */; };
		B07110251C034C82005451C3 /* Assets.xcassets in Resources */ = {isa = PBXBuildFile; fileRef = B07110241C034C82005451C3 /* Assets.xcassets */; };
		B07110281C034C82005451C3 /* LaunchScreen.storyboard in Resources */ = {isa = PBXBuildFile; fileRef = B07110261C034C82005451C3 /* LaunchScreen.storyboard */; };
		B07110341C034E74005451C3 /* Database.plist in Resources */ = {isa = PBXBuildFile; fileRef = B07110321C034E74005451C3 /* Database.plist */; };
		B07110371C034E7E005451C3 /* Main.storyboard in Resources */ = {isa = PBXBuildFile; fileRef = B07110361C034E7E005451C3 /* Main.storyboard */; };
		B07110391C034E84005451C3 /* HomeViewController.swift in Sources */ = {isa = PBXBuildFile; fileRef = B07110381C034E84005451C3 /* HomeViewController.swift */; };
		B071103E1C034E99005451C3 /* AppData.swift in Sources */ = {isa = PBXBuildFile; fileRef = B071103A1C034E99005451C3 /* AppData.swift */; };
		B071103F1C034E99005451C3 /* Read.swift in Sources */ = {isa = PBXBuildFile; fileRef = B071103B1C034E99005451C3 /* Read.swift */; };
		B07110401C034E99005451C3 /* PListManager.swift in Sources */ = {isa = PBXBuildFile; fileRef = B071103C1C034E99005451C3 /* PListManager.swift */; };
		B07110411C034E99005451C3 /* AppDAO.swift in Sources */ = {isa = PBXBuildFile; fileRef = B071103D1C034E99005451C3 /* AppDAO.swift */; };
		B07110431C035D58005451C3 /* LogViewController.swift in Sources */ = {isa = PBXBuildFile; fileRef = B07110421C035D58005451C3 /* LogViewController.swift */; };
		B09218DE1C2CCAC600052BAE /* SignalConverter.swift in Sources */ = {isa = PBXBuildFile; fileRef = B09218DD1C2CCAC600052BAE /* SignalConverter.swift */; };
		BE4A82121C24A25800A3A96E /* AppColors.swift in Sources */ = {isa = PBXBuildFile; fileRef = BE4A82111C24A25800A3A96E /* AppColors.swift */; };
		BE7E6A911C1633D00091EF1F /* Location.swift in Sources */ = {isa = PBXBuildFile; fileRef = BE7E6A901C1633D00091EF1F /* Location.swift */; };
		BEBA553B1C1F460A001C2428 /* green.png in Resources */ = {isa = PBXBuildFile; fileRef = BEBA55371C1F460A001C2428 /* green.png */; };
		BEBA553C1C1F460A001C2428 /* orange.png in Resources */ = {isa = PBXBuildFile; fileRef = BEBA55381C1F460A001C2428 /* orange.png */; };
		BEBA553D1C1F460A001C2428 /* red.png in Resources */ = {isa = PBXBuildFile; fileRef = BEBA55391C1F460A001C2428 /* red.png */; };
		BEBA553E1C1F460A001C2428 /* yellow.png in Resources */ = {isa = PBXBuildFile; fileRef = BEBA553A1C1F460A001C2428 /* yellow.png */; };
		BEBAB0B01C16379A0096990C /* CellularInfo.swift in Sources */ = {isa = PBXBuildFile; fileRef = BEBAB0AF1C16379A0096990C /* CellularInfo.swift */; };
		BEBAB0B21C163D800096990C /* SignalStrengthValue.swift in Sources */ = {isa = PBXBuildFile; fileRef = BEBAB0B11C163D800096990C /* SignalStrengthValue.swift */; };
		BEBAB0B41C163E230096990C /* SignalQuality.swift in Sources */ = {isa = PBXBuildFile; fileRef = BEBAB0B31C163E230096990C /* SignalQuality.swift */; };
/* End PBXBuildFile section */

/* Begin PBXContainerItemProxy section */
		B0256A9C1CB31767000A9828 /* PBXContainerItemProxy */ = {
			isa = PBXContainerItemProxy;
			containerPortal = B07110121C034C82005451C3 /* Project object */;
			proxyType = 1;
			remoteGlobalIDString = B07110191C034C82005451C3;
			remoteInfo = SignalStrength;
		};
/* End PBXContainerItemProxy section */

/* Begin PBXFileReference section */
		B016F8351C31D1DD0076D2F1 /* ColorPointAnnotation.swift */ = {isa = PBXFileReference; fileEncoding = 4; lastKnownFileType = sourcecode.swift; path = ColorPointAnnotation.swift; sourceTree = "<group>"; };
		B0256A8C1CB30895000A9828 /* Layer.swift */ = {isa = PBXFileReference; fileEncoding = 4; lastKnownFileType = sourcecode.swift; path = Layer.swift; sourceTree = "<group>"; };
		B0256A8E1CB31065000A9828 /* Constants.swift */ = {isa = PBXFileReference; fileEncoding = 4; lastKnownFileType = sourcecode.swift; path = Constants.swift; sourceTree = "<group>"; };
		B0256A971CB31766000A9828 /* SignalStrengthTests.xctest */ = {isa = PBXFileReference; explicitFileType = wrapper.cfbundle; includeInIndex = 0; path = SignalStrengthTests.xctest; sourceTree = BUILT_PRODUCTS_DIR; };
		B0256A991CB31767000A9828 /* SignalStrengthTests.swift */ = {isa = PBXFileReference; lastKnownFileType = sourcecode.swift; path = SignalStrengthTests.swift; sourceTree = "<group>"; };
		B0256A9B1CB31767000A9828 /* Info.plist */ = {isa = PBXFileReference; lastKnownFileType = text.plist.xml; path = Info.plist; sourceTree = "<group>"; };
		B0256AA31CB31F63000A9828 /* LayerTest.swift */ = {isa = PBXFileReference; fileEncoding = 4; lastKnownFileType = sourcecode.swift; path = LayerTest.swift; sourceTree = "<group>"; };
		B071101A1C034C82005451C3 /* SignalStrength.app */ = {isa = PBXFileReference; explicitFileType = wrapper.application; includeInIndex = 0; path = SignalStrength.app; sourceTree = BUILT_PRODUCTS_DIR; };
		B071101D1C034C82005451C3 /* AppDelegate.swift */ = {isa = PBXFileReference; lastKnownFileType = sourcecode.swift; path = AppDelegate.swift; sourceTree = "<group>"; };
		B07110241C034C82005451C3 /* Assets.xcassets */ = {isa = PBXFileReference; lastKnownFileType = folder.assetcatalog; path = Assets.xcassets; sourceTree = "<group>"; };
		B07110271C034C82005451C3 /* Base */ = {isa = PBXFileReference; lastKnownFileType = file.storyboard; name = Base; path = Base.lproj/LaunchScreen.storyboard; sourceTree = "<group>"; };
		B07110321C034E74005451C3 /* Database.plist */ = {isa = PBXFileReference; fileEncoding = 4; lastKnownFileType = text.plist.xml; path = Database.plist; sourceTree = "<group>"; };
		B07110331C034E74005451C3 /* Info.plist */ = {isa = PBXFileReference; fileEncoding = 4; lastKnownFileType = text.plist.xml; path = Info.plist; sourceTree = "<group>"; };
		B07110361C034E7E005451C3 /* Main.storyboard */ = {isa = PBXFileReference; fileEncoding = 4; lastKnownFileType = file.storyboard; path = Main.storyboard; sourceTree = "<group>"; };
		B07110381C034E84005451C3 /* HomeViewController.swift */ = {isa = PBXFileReference; fileEncoding = 4; lastKnownFileType = sourcecode.swift; path = HomeViewController.swift; sourceTree = "<group>"; };
		B071103A1C034E99005451C3 /* AppData.swift */ = {isa = PBXFileReference; fileEncoding = 4; lastKnownFileType = sourcecode.swift; path = AppData.swift; sourceTree = "<group>"; };
		B071103B1C034E99005451C3 /* Read.swift */ = {isa = PBXFileReference; fileEncoding = 4; lastKnownFileType = sourcecode.swift; path = Read.swift; sourceTree = "<group>"; };
		B071103C1C034E99005451C3 /* PListManager.swift */ = {isa = PBXFileReference; fileEncoding = 4; lastKnownFileType = sourcecode.swift; path = PListManager.swift; sourceTree = "<group>"; };
		B071103D1C034E99005451C3 /* AppDAO.swift */ = {isa = PBXFileReference; fileEncoding = 4; lastKnownFileType = sourcecode.swift; path = AppDAO.swift; sourceTree = "<group>"; };
		B07110421C035D58005451C3 /* LogViewController.swift */ = {isa = PBXFileReference; fileEncoding = 4; lastKnownFileType = sourcecode.swift; path = LogViewController.swift; sourceTree = "<group>"; };
		B09218DD1C2CCAC600052BAE /* SignalConverter.swift */ = {isa = PBXFileReference; fileEncoding = 4; lastKnownFileType = sourcecode.swift; path = SignalConverter.swift; sourceTree = "<group>"; };
		BE4A82111C24A25800A3A96E /* AppColors.swift */ = {isa = PBXFileReference; fileEncoding = 4; lastKnownFileType = sourcecode.swift; path = AppColors.swift; sourceTree = "<group>"; };
		BE7E6A901C1633D00091EF1F /* Location.swift */ = {isa = PBXFileReference; fileEncoding = 4; lastKnownFileType = sourcecode.swift; path = Location.swift; sourceTree = "<group>"; };
		BEBA55371C1F460A001C2428 /* green.png */ = {isa = PBXFileReference; lastKnownFileType = image.png; name = green.png; path = Colors/green.png; sourceTree = "<group>"; };
		BEBA55381C1F460A001C2428 /* orange.png */ = {isa = PBXFileReference; lastKnownFileType = image.png; name = orange.png; path = Colors/orange.png; sourceTree = "<group>"; };
		BEBA55391C1F460A001C2428 /* red.png */ = {isa = PBXFileReference; lastKnownFileType = image.png; name = red.png; path = Colors/red.png; sourceTree = "<group>"; };
		BEBA553A1C1F460A001C2428 /* yellow.png */ = {isa = PBXFileReference; lastKnownFileType = image.png; name = yellow.png; path = Colors/yellow.png; sourceTree = "<group>"; };
		BEBAB0AF1C16379A0096990C /* CellularInfo.swift */ = {isa = PBXFileReference; fileEncoding = 4; lastKnownFileType = sourcecode.swift; path = CellularInfo.swift; sourceTree = "<group>"; };
		BEBAB0B11C163D800096990C /* SignalStrengthValue.swift */ = {isa = PBXFileReference; fileEncoding = 4; lastKnownFileType = sourcecode.swift; path = SignalStrengthValue.swift; sourceTree = "<group>"; };
		BEBAB0B31C163E230096990C /* SignalQuality.swift */ = {isa = PBXFileReference; fileEncoding = 4; lastKnownFileType = sourcecode.swift; path = SignalQuality.swift; sourceTree = "<group>"; };
/* End PBXFileReference section */

/* Begin PBXFrameworksBuildPhase section */
		B0256A941CB31766000A9828 /* Frameworks */ = {
			isa = PBXFrameworksBuildPhase;
			buildActionMask = 2147483647;
			files = (
			);
			runOnlyForDeploymentPostprocessing = 0;
		};
		B07110171C034C82005451C3 /* Frameworks */ = {
			isa = PBXFrameworksBuildPhase;
			buildActionMask = 2147483647;
			files = (
			);
			runOnlyForDeploymentPostprocessing = 0;
		};
/* End PBXFrameworksBuildPhase section */

/* Begin PBXGroup section */
		B0256A901CB3158A000A9828 /* Tests */ = {
			isa = PBXGroup;
			children = (
				B0256AA31CB31F63000A9828 /* LayerTest.swift */,
			);
			name = Tests;
			sourceTree = "<group>";
		};
		B0256A981CB31767000A9828 /* SignalStrengthTests */ = {
			isa = PBXGroup;
			children = (
				B0256A991CB31767000A9828 /* SignalStrengthTests.swift */,
				B0256A9B1CB31767000A9828 /* Info.plist */,
			);
			path = SignalStrengthTests;
			sourceTree = "<group>";
		};
		B07110111C034C82005451C3 = {
			isa = PBXGroup;
			children = (
				B071101C1C034C82005451C3 /* SignalStrength */,
				B0256A981CB31767000A9828 /* SignalStrengthTests */,
				B071101B1C034C82005451C3 /* Products */,
			);
			sourceTree = "<group>";
		};
		B071101B1C034C82005451C3 /* Products */ = {
			isa = PBXGroup;
			children = (
				B071101A1C034C82005451C3 /* SignalStrength.app */,
				B0256A971CB31766000A9828 /* SignalStrengthTests.xctest */,
			);
			name = Products;
			sourceTree = "<group>";
		};
		B071101C1C034C82005451C3 /* SignalStrength */ = {
			isa = PBXGroup;
			children = (
				B071101D1C034C82005451C3 /* AppDelegate.swift */,
				B07110321C034E74005451C3 /* Database.plist */,
				B07110331C034E74005451C3 /* Info.plist */,
				B07110311C034CA7005451C3 /* Controller */,
				B07110301C034CA3005451C3 /* View */,
				B071102F1C034C9E005451C3 /* Model */,
				B0256A901CB3158A000A9828 /* Tests */,
				B07110241C034C82005451C3 /* Assets.xcassets */,
				BEBA55371C1F460A001C2428 /* green.png */,
				BEBA55381C1F460A001C2428 /* orange.png */,
				BEBA55391C1F460A001C2428 /* red.png */,
				BEBA553A1C1F460A001C2428 /* yellow.png */,
			);
			path = SignalStrength;
			sourceTree = "<group>";
		};
		B071102F1C034C9E005451C3 /* Model */ = {
			isa = PBXGroup;
			children = (
				B071103A1C034E99005451C3 /* AppData.swift */,
				B0256A8C1CB30895000A9828 /* Layer.swift */,
				B071103B1C034E99005451C3 /* Read.swift */,
				BE7E6A901C1633D00091EF1F /* Location.swift */,
				BEBAB0B11C163D800096990C /* SignalStrengthValue.swift */,
				B09218DD1C2CCAC600052BAE /* SignalConverter.swift */,
				BEBAB0B31C163E230096990C /* SignalQuality.swift */,
				BEBAB0AF1C16379A0096990C /* CellularInfo.swift */,
				B071103D1C034E99005451C3 /* AppDAO.swift */,
				B071103C1C034E99005451C3 /* PListManager.swift */,
				B0256A8E1CB31065000A9828 /* Constants.swift */,
			);
			name = Model;
			sourceTree = "<group>";
		};
		B07110301C034CA3005451C3 /* View */ = {
			isa = PBXGroup;
			children = (
				B07110261C034C82005451C3 /* LaunchScreen.storyboard */,
				B07110361C034E7E005451C3 /* Main.storyboard */,
				BE4A82111C24A25800A3A96E /* AppColors.swift */,
			);
			name = View;
			sourceTree = "<group>";
		};
		B07110311C034CA7005451C3 /* Controller */ = {
			isa = PBXGroup;
			children = (
				B07110381C034E84005451C3 /* HomeViewController.swift */,
				B016F8351C31D1DD0076D2F1 /* ColorPointAnnotation.swift */,
				B07110421C035D58005451C3 /* LogViewController.swift */,
			);
			name = Controller;
			sourceTree = "<group>";
		};
/* End PBXGroup section */

/* Begin PBXNativeTarget section */
		B0256A961CB31766000A9828 /* SignalStrengthTests */ = {
			isa = PBXNativeTarget;
			buildConfigurationList = B0256A9E1CB31767000A9828 /* Build configuration list for PBXNativeTarget "SignalStrengthTests" */;
			buildPhases = (
				B0256A931CB31766000A9828 /* Sources */,
				B0256A941CB31766000A9828 /* Frameworks */,
				B0256A951CB31766000A9828 /* Resources */,
			);
			buildRules = (
			);
			dependencies = (
				B0256A9D1CB31767000A9828 /* PBXTargetDependency */,
			);
			name = SignalStrengthTests;
			productName = SignalStrengthTests;
			productReference = B0256A971CB31766000A9828 /* SignalStrengthTests.xctest */;
			productType = "com.apple.product-type.bundle.unit-test";
		};
		B07110191C034C82005451C3 /* SignalStrength */ = {
			isa = PBXNativeTarget;
			buildConfigurationList = B071102C1C034C82005451C3 /* Build configuration list for PBXNativeTarget "SignalStrength" */;
			buildPhases = (
				B07110161C034C82005451C3 /* Sources */,
				B07110171C034C82005451C3 /* Frameworks */,
				B07110181C034C82005451C3 /* Resources */,
			);
			buildRules = (
			);
			dependencies = (
			);
			name = SignalStrength;
			productName = SignalStrength;
			productReference = B071101A1C034C82005451C3 /* SignalStrength.app */;
			productType = "com.apple.product-type.application";
		};
/* End PBXNativeTarget section */

/* Begin PBXProject section */
		B07110121C034C82005451C3 /* Project object */ = {
			isa = PBXProject;
			attributes = {
				LastSwiftUpdateCheck = 0730;
				LastUpgradeCheck = 0720;
				ORGANIZATIONNAME = "Henrique do Prado Linhares";
				TargetAttributes = {
					B0256A961CB31766000A9828 = {
						CreatedOnToolsVersion = 7.3;
						TestTargetID = B07110191C034C82005451C3;
					};
					B07110191C034C82005451C3 = {
						CreatedOnToolsVersion = 7.1;
						SystemCapabilities = {
							com.apple.BackgroundModes = {
								enabled = 1;
							};
						};
					};
				};
			};
			buildConfigurationList = B07110151C034C82005451C3 /* Build configuration list for PBXProject "SignalStrength" */;
			compatibilityVersion = "Xcode 3.2";
			developmentRegion = English;
			hasScannedForEncodings = 0;
			knownRegions = (
				en,
				Base,
			);
			mainGroup = B07110111C034C82005451C3;
			productRefGroup = B071101B1C034C82005451C3 /* Products */;
			projectDirPath = "";
			projectRoot = "";
			targets = (
				B07110191C034C82005451C3 /* SignalStrength */,
				B0256A961CB31766000A9828 /* SignalStrengthTests */,
			);
		};
/* End PBXProject section */

/* Begin PBXResourcesBuildPhase section */
		B0256A951CB31766000A9828 /* Resources */ = {
			isa = PBXResourcesBuildPhase;
			buildActionMask = 2147483647;
			files = (
			);
			runOnlyForDeploymentPostprocessing = 0;
		};
		B07110181C034C82005451C3 /* Resources */ = {
			isa = PBXResourcesBuildPhase;
			buildActionMask = 2147483647;
			files = (
				BEBA553E1C1F460A001C2428 /* yellow.png in Resources */,
				B07110371C034E7E005451C3 /* Main.storyboard in Resources */,
				B07110281C034C82005451C3 /* LaunchScreen.storyboard in Resources */,
				BEBA553B1C1F460A001C2428 /* green.png in Resources */,
				B07110251C034C82005451C3 /* Assets.xcassets in Resources */,
				BEBA553D1C1F460A001C2428 /* red.png in Resources */,
				B07110341C034E74005451C3 /* Database.plist in Resources */,
				BEBA553C1C1F460A001C2428 /* orange.png in Resources */,
			);
			runOnlyForDeploymentPostprocessing = 0;
		};
/* End PBXResourcesBuildPhase section */

/* Begin PBXSourcesBuildPhase section */
		B0256A931CB31766000A9828 /* Sources */ = {
			isa = PBXSourcesBuildPhase;
			buildActionMask = 2147483647;
			files = (
				B0256A9A1CB31767000A9828 /* SignalStrengthTests.swift in Sources */,
				B0256AA41CB31F63000A9828 /* LayerTest.swift in Sources */,
			);
			runOnlyForDeploymentPostprocessing = 0;
		};
		B07110161C034C82005451C3 /* Sources */ = {
			isa = PBXSourcesBuildPhase;
			buildActionMask = 2147483647;
			files = (
				BEBAB0B41C163E230096990C /* SignalQuality.swift in Sources */,
				B0256A8F1CB31065000A9828 /* Constants.swift in Sources */,
				B071101E1C034C82005451C3 /* AppDelegate.swift in Sources */,
				B07110401C034E99005451C3 /* PListManager.swift in Sources */,
				B0256A8D1CB30895000A9828 /* Layer.swift in Sources */,
				B016F8361C31D1DD0076D2F1 /* ColorPointAnnotation.swift in Sources */,
				BEBAB0B21C163D800096990C /* SignalStrengthValue.swift in Sources */,
				B07110411C034E99005451C3 /* AppDAO.swift in Sources */,
				B071103F1C034E99005451C3 /* Read.swift in Sources */,
				B07110391C034E84005451C3 /* HomeViewController.swift in Sources */,
				BE7E6A911C1633D00091EF1F /* Location.swift in Sources */,
				B09218DE1C2CCAC600052BAE /* SignalConverter.swift in Sources */,
				B07110431C035D58005451C3 /* LogViewController.swift in Sources */,
				BE4A82121C24A25800A3A96E /* AppColors.swift in Sources */,
				BEBAB0B01C16379A0096990C /* CellularInfo.swift in Sources */,
				B071103E1C034E99005451C3 /* AppData.swift in Sources */,
			);
			runOnlyForDeploymentPostprocessing = 0;
		};
/* End PBXSourcesBuildPhase section */

/* Begin PBXTargetDependency section */
		B0256A9D1CB31767000A9828 /* PBXTargetDependency */ = {
			isa = PBXTargetDependency;
			target = B07110191C034C82005451C3 /* SignalStrength */;
			targetProxy = B0256A9C1CB31767000A9828 /* PBXContainerItemProxy */;
		};
/* End PBXTargetDependency section */

/* Begin PBXVariantGroup section */
		B07110261C034C82005451C3 /* LaunchScreen.storyboard */ = {
			isa = PBXVariantGroup;
			children = (
				B07110271C034C82005451C3 /* Base */,
			);
			name = LaunchScreen.storyboard;
			sourceTree = "<group>";
		};
/* End PBXVariantGroup section */

/* Begin XCBuildConfiguration section */
		B0256A9F1CB31767000A9828 /* Debug */ = {
			isa = XCBuildConfiguration;
			buildSettings = {
				BUNDLE_LOADER = "$(TEST_HOST)";
				CLANG_ANALYZER_NONNULL = YES;
				INFOPLIST_FILE = SignalStrengthTests/Info.plist;
				IPHONEOS_DEPLOYMENT_TARGET = 9.3;
				LD_RUNPATH_SEARCH_PATHS = "$(inherited) @executable_path/Frameworks @loader_path/Frameworks";
				PRODUCT_BUNDLE_IDENTIFIER = me.SignalStrengthTests;
				PRODUCT_NAME = "$(TARGET_NAME)";
				TEST_HOST = "$(BUILT_PRODUCTS_DIR)/SignalStrength.app/SignalStrength";
			};
			name = Debug;
		};
		B0256AA01CB31767000A9828 /* Release */ = {
			isa = XCBuildConfiguration;
			buildSettings = {
				BUNDLE_LOADER = "$(TEST_HOST)";
				CLANG_ANALYZER_NONNULL = YES;
				INFOPLIST_FILE = SignalStrengthTests/Info.plist;
				IPHONEOS_DEPLOYMENT_TARGET = 9.3;
				LD_RUNPATH_SEARCH_PATHS = "$(inherited) @executable_path/Frameworks @loader_path/Frameworks";
				PRODUCT_BUNDLE_IDENTIFIER = me.SignalStrengthTests;
				PRODUCT_NAME = "$(TARGET_NAME)";
				TEST_HOST = "$(BUILT_PRODUCTS_DIR)/SignalStrength.app/SignalStrength";
			};
			name = Release;
		};
		B071102A1C034C82005451C3 /* Debug */ = {
			isa = XCBuildConfiguration;
			buildSettings = {
				ALWAYS_SEARCH_USER_PATHS = NO;
				CLANG_CXX_LANGUAGE_STANDARD = "gnu++0x";
				CLANG_CXX_LIBRARY = "libc++";
				CLANG_ENABLE_MODULES = YES;
				CLANG_ENABLE_OBJC_ARC = YES;
				CLANG_WARN_BOOL_CONVERSION = YES;
				CLANG_WARN_CONSTANT_CONVERSION = YES;
				CLANG_WARN_DIRECT_OBJC_ISA_USAGE = YES_ERROR;
				CLANG_WARN_EMPTY_BODY = YES;
				CLANG_WARN_ENUM_CONVERSION = YES;
				CLANG_WARN_INT_CONVERSION = YES;
				CLANG_WARN_OBJC_ROOT_CLASS = YES_ERROR;
				CLANG_WARN_UNREACHABLE_CODE = YES;
				CLANG_WARN__DUPLICATE_METHOD_MATCH = YES;
				"CODE_SIGN_IDENTITY[sdk=iphoneos*]" = "iPhone Developer";
				COPY_PHASE_STRIP = NO;
				DEBUG_INFORMATION_FORMAT = dwarf;
				ENABLE_STRICT_OBJC_MSGSEND = YES;
				ENABLE_TESTABILITY = YES;
				GCC_C_LANGUAGE_STANDARD = gnu99;
				GCC_DYNAMIC_NO_PIC = NO;
				GCC_NO_COMMON_BLOCKS = YES;
				GCC_OPTIMIZATION_LEVEL = 0;
				GCC_PREPROCESSOR_DEFINITIONS = (
					"DEBUG=1",
					"$(inherited)",
				);
				GCC_WARN_64_TO_32_BIT_CONVERSION = YES;
				GCC_WARN_ABOUT_RETURN_TYPE = YES_ERROR;
				GCC_WARN_UNDECLARED_SELECTOR = YES;
				GCC_WARN_UNINITIALIZED_AUTOS = YES_AGGRESSIVE;
				GCC_WARN_UNUSED_FUNCTION = YES;
				GCC_WARN_UNUSED_VARIABLE = YES;
				IPHONEOS_DEPLOYMENT_TARGET = 9.1;
				MTL_ENABLE_DEBUG_INFO = YES;
				ONLY_ACTIVE_ARCH = YES;
				SDKROOT = iphoneos;
				SWIFT_OPTIMIZATION_LEVEL = "-Onone";
			};
			name = Debug;
		};
		B071102B1C034C82005451C3 /* Release */ = {
			isa = XCBuildConfiguration;
			buildSettings = {
				ALWAYS_SEARCH_USER_PATHS = NO;
				CLANG_CXX_LANGUAGE_STANDARD = "gnu++0x";
				CLANG_CXX_LIBRARY = "libc++";
				CLANG_ENABLE_MODULES = YES;
				CLANG_ENABLE_OBJC_ARC = YES;
				CLANG_WARN_BOOL_CONVERSION = YES;
				CLANG_WARN_CONSTANT_CONVERSION = YES;
				CLANG_WARN_DIRECT_OBJC_ISA_USAGE = YES_ERROR;
				CLANG_WARN_EMPTY_BODY = YES;
				CLANG_WARN_ENUM_CONVERSION = YES;
				CLANG_WARN_INT_CONVERSION = YES;
				CLANG_WARN_OBJC_ROOT_CLASS = YES_ERROR;
				CLANG_WARN_UNREACHABLE_CODE = YES;
				CLANG_WARN__DUPLICATE_METHOD_MATCH = YES;
				"CODE_SIGN_IDENTITY[sdk=iphoneos*]" = "iPhone Developer";
				COPY_PHASE_STRIP = NO;
				DEBUG_INFORMATION_FORMAT = "dwarf-with-dsym";
				ENABLE_NS_ASSERTIONS = NO;
				ENABLE_STRICT_OBJC_MSGSEND = YES;
				GCC_C_LANGUAGE_STANDARD = gnu99;
				GCC_NO_COMMON_BLOCKS = YES;
				GCC_WARN_64_TO_32_BIT_CONVERSION = YES;
				GCC_WARN_ABOUT_RETURN_TYPE = YES_ERROR;
				GCC_WARN_UNDECLARED_SELECTOR = YES;
				GCC_WARN_UNINITIALIZED_AUTOS = YES_AGGRESSIVE;
				GCC_WARN_UNUSED_FUNCTION = YES;
				GCC_WARN_UNUSED_VARIABLE = YES;
				IPHONEOS_DEPLOYMENT_TARGET = 9.1;
				MTL_ENABLE_DEBUG_INFO = NO;
				SDKROOT = iphoneos;
				VALIDATE_PRODUCT = YES;
			};
			name = Release;
		};
		B071102D1C034C82005451C3 /* Debug */ = {
			isa = XCBuildConfiguration;
			buildSettings = {
				ASSETCATALOG_COMPILER_APPICON_NAME = AppIcon;
				INFOPLIST_FILE = SignalStrength/Info.plist;
				LD_RUNPATH_SEARCH_PATHS = "$(inherited) @executable_path/Frameworks";
				PRODUCT_BUNDLE_IDENTIFIER = bepid.SignalStrength;
				PRODUCT_NAME = "$(TARGET_NAME)";
			};
			name = Debug;
		};
		B071102E1C034C82005451C3 /* Release */ = {
			isa = XCBuildConfiguration;
			buildSettings = {
				ASSETCATALOG_COMPILER_APPICON_NAME = AppIcon;
				INFOPLIST_FILE = SignalStrength/Info.plist;
				LD_RUNPATH_SEARCH_PATHS = "$(inherited) @executable_path/Frameworks";
				PRODUCT_BUNDLE_IDENTIFIER = bepid.SignalStrength;
				PRODUCT_NAME = "$(TARGET_NAME)";
			};
			name = Release;
		};
/* End XCBuildConfiguration section */

/* Begin XCConfigurationList section */
		B0256A9E1CB31767000A9828 /* Build configuration list for PBXNativeTarget "SignalStrengthTests" */ = {
			isa = XCConfigurationList;
			buildConfigurations = (
				B0256A9F1CB31767000A9828 /* Debug */,
				B0256AA01CB31767000A9828 /* Release */,
			);
			defaultConfigurationIsVisible = 0;
		};
		B07110151C034C82005451C3 /* Build configuration list for PBXProject "SignalStrength" */ = {
			isa = XCConfigurationList;
			buildConfigurations = (
				B071102A1C034C82005451C3 /* Debug */,
				B071102B1C034C82005451C3 /* Release */,
			);
			defaultConfigurationIsVisible = 0;
			defaultConfigurationName = Release;
		};
		B071102C1C034C82005451C3 /* Build configuration list for PBXNativeTarget "SignalStrength" */ = {
			isa = XCConfigurationList;
			buildConfigurations = (
				B071102D1C034C82005451C3 /* Debug */,
				B071102E1C034C82005451C3 /* Release */,
			);
			defaultConfigurationIsVisible = 0;
			defaultConfigurationName = Release;
		};
/* End XCConfigurationList section */
	};
	rootObject = B07110121C034C82005451C3 /* Project object */;
}
